
Microsoft Visual Studio Solution File, Format Version 12.00
# Visual Studio Version 17
VisualStudioVersion = 17.9.34714.143
MinimumVisualStudioVersion = 10.0.40219.1
Project("{9A19103F-16F7-4668-BE54-9A1E7A4F7556}") = "Bibliotekarz.Server", "Bibliotekarz.Server\Bibliotekarz.Server.csproj", "{559A71C8-2F5F-4F53-BD4E-0D36BAE782C9}"
EndProject
Project("{9A19103F-16F7-4668-BE54-9A1E7A4F7556}") = "Bibliotekarz.Shared", "Bibliotekarz.Shared\Bibliotekarz.Shared.csproj", "{15A16FC9-5255-43FC-9A36-645C2CA41002}"
EndProject
Project("{9A19103F-16F7-4668-BE54-9A1E7A4F7556}") = "Bibliotekarz.Data", "Bibliotekarz.Data\Bibliotekarz.Data.csproj", "{A6AF55B9-A9C9-43D8-A179-077A3D713855}"
EndProject
Global
	GlobalSection(SolutionConfigurationPlatforms) = preSolution
		Debug|Any CPU = Debug|Any CPU
		Release|Any CPU = Release|Any CPU
	EndGlobalSection
	GlobalSection(ProjectConfigurationPlatforms) = postSolution
		{559A71C8-2F5F-4F53-BD4E-0D36BAE782C9}.Debug|Any CPU.ActiveCfg = Debug|Any CPU
		{559A71C8-2F5F-4F53-BD4E-0D36BAE782C9}.Debug|Any CPU.Build.0 = Debug|Any CPU
		{559A71C8-2F5F-4F53-BD4E-0D36BAE782C9}.Release|Any CPU.ActiveCfg = Release|Any CPU
		{559A71C8-2F5F-4F53-BD4E-0D36BAE782C9}.Release|Any CPU.Build.0 = Release|Any CPU
		{15A16FC9-5255-43FC-9A36-645C2CA41002}.Debug|Any CPU.ActiveCfg = Debug|Any CPU
		{15A16FC9-5255-43FC-9A36-645C2CA41002}.Debug|Any CPU.Build.0 = Debug|Any CPU
		{15A16FC9-5255-43FC-9A36-645C2CA41002}.Release|Any CPU.ActiveCfg = Release|Any CPU
		{15A16FC9-5255-43FC-9A36-645C2CA41002}.Release|Any CPU.Build.0 = Release|Any CPU
		{A6AF55B9-A9C9-43D8-A179-077A3D713855}.Debug|Any CPU.ActiveCfg = Debug|Any CPU
		{A6AF55B9-A9C9-43D8-A179-077A3D713855}.Debug|Any CPU.Build.0 = Debug|Any CPU
		{A6AF55B9-A9C9-43D8-A179-077A3D713855}.Release|Any CPU.ActiveCfg = Release|Any CPU
		{A6AF55B9-A9C9-43D8-A179-077A3D713855}.Release|Any CPU.Build.0 = Release|Any CPU
	EndGlobalSection
	GlobalSection(SolutionProperties) = preSolution
		HideSolutionNode = FALSE
	EndGlobalSection
	GlobalSection(ExtensibilityGlobals) = postSolution
		SolutionGuid = {49F07AC2-B0DD-4FE6-9B7E-A4C5922676AE}
	EndGlobalSection
EndGlobal
